// !$*UTF8*$!
{
	archiveVersion = 1;
	classes = {
	};
	objectVersion = 50;
	objects = {

/* Begin PBXBuildFile section */
		6B3704E12322F4DF00ED2D41 /* AppDelegate.swift in Sources */ = {isa = PBXBuildFile; fileRef = 6B3704E02322F4DF00ED2D41 /* AppDelegate.swift */; };
		6B3704E32322F4DF00ED2D41 /* ViewController.swift in Sources */ = {isa = PBXBuildFile; fileRef = 6B3704E22322F4DF00ED2D41 /* ViewController.swift */; };
		6B3704E62322F4DF00ED2D41 /* Main.storyboard in Resources */ = {isa = PBXBuildFile; fileRef = 6B3704E42322F4DF00ED2D41 /* Main.storyboard */; };
		6B3704E82322F4E000ED2D41 /* Assets.xcassets in Resources */ = {isa = PBXBuildFile; fileRef = 6B3704E72322F4E000ED2D41 /* Assets.xcassets */; };
		6B3704EB2322F4E000ED2D41 /* LaunchScreen.storyboard in Resources */ = {isa = PBXBuildFile; fileRef = 6B3704E92322F4E000ED2D41 /* LaunchScreen.storyboard */; };
		6B3704F62322F4E000ED2D41 /* images___Erros_LabTests.swift in Sources */ = {isa = PBXBuildFile; fileRef = 6B3704F52322F4E000ED2D41 /* images___Erros_LabTests.swift */; };
		6B3705042322F96C00ED2D41 /* comic.swift in Sources */ = {isa = PBXBuildFile; fileRef = 6B3705032322F96C00ED2D41 /* comic.swift */; };
		6B3705062322F9B400ED2D41 /* Errors.swift in Sources */ = {isa = PBXBuildFile; fileRef = 6B3705052322F9B400ED2D41 /* Errors.swift */; };
		6B3705082322F9E300ED2D41 /* image.swift in Sources */ = {isa = PBXBuildFile; fileRef = 6B3705072322F9E300ED2D41 /* image.swift */; };
		6B37050A2322FA4F00ED2D41 /* NetworkHelper.swift in Sources */ = {isa = PBXBuildFile; fileRef = 6B3705092322FA4F00ED2D41 /* NetworkHelper.swift */; };
/* End PBXBuildFile section */

/* Begin PBXContainerItemProxy section */
		6B3704F22322F4E000ED2D41 /* PBXContainerItemProxy */ = {
			isa = PBXContainerItemProxy;
			containerPortal = 6B3704D52322F4DF00ED2D41 /* Project object */;
			proxyType = 1;
			remoteGlobalIDString = 6B3704DC2322F4DF00ED2D41;
			remoteInfo = "images & Erros Lab";
		};
/* End PBXContainerItemProxy section */

/* Begin PBXFileReference section */
		6B3704DD2322F4DF00ED2D41 /* images & Erros Lab.app */ = {isa = PBXFileReference; explicitFileType = wrapper.application; includeInIndex = 0; path = "images & Erros Lab.app"; sourceTree = BUILT_PRODUCTS_DIR; };
		6B3704E02322F4DF00ED2D41 /* AppDelegate.swift */ = {isa = PBXFileReference; lastKnownFileType = sourcecode.swift; path = AppDelegate.swift; sourceTree = "<group>"; };
		6B3704E22322F4DF00ED2D41 /* ViewController.swift */ = {isa = PBXFileReference; lastKnownFileType = sourcecode.swift; path = ViewController.swift; sourceTree = "<group>"; };
		6B3704E52322F4DF00ED2D41 /* Base */ = {isa = PBXFileReference; lastKnownFileType = file.storyboard; name = Base; path = Base.lproj/Main.storyboard; sourceTree = "<group>"; };
		6B3704E72322F4E000ED2D41 /* Assets.xcassets */ = {isa = PBXFileReference; lastKnownFileType = folder.assetcatalog; path = Assets.xcassets; sourceTree = "<group>"; };
		6B3704EA2322F4E000ED2D41 /* Base */ = {isa = PBXFileReference; lastKnownFileType = file.storyboard; name = Base; path = Base.lproj/LaunchScreen.storyboard; sourceTree = "<group>"; };
		6B3704EC2322F4E000ED2D41 /* Info.plist */ = {isa = PBXFileReference; lastKnownFileType = text.plist.xml; path = Info.plist; sourceTree = "<group>"; };
		6B3704F12322F4E000ED2D41 /* images & Erros LabTests.xctest */ = {isa = PBXFileReference; explicitFileType = wrapper.cfbundle; includeInIndex = 0; path = "images & Erros LabTests.xctest"; sourceTree = BUILT_PRODUCTS_DIR; };
		6B3704F52322F4E000ED2D41 /* images___Erros_LabTests.swift */ = {isa = PBXFileReference; lastKnownFileType = sourcecode.swift; path = "images___Erros_LabTests.swift"; sourceTree = "<group>"; };
		6B3704F72322F4E000ED2D41 /* Info.plist */ = {isa = PBXFileReference; lastKnownFileType = text.plist.xml; path = Info.plist; sourceTree = "<group>"; };
		6B3705032322F96C00ED2D41 /* comic.swift */ = {isa = PBXFileReference; lastKnownFileType = sourcecode.swift; path = comic.swift; sourceTree = "<group>"; };
		6B3705052322F9B400ED2D41 /* Errors.swift */ = {isa = PBXFileReference; lastKnownFileType = sourcecode.swift; path = Errors.swift; sourceTree = "<group>"; };
		6B3705072322F9E300ED2D41 /* image.swift */ = {isa = PBXFileReference; lastKnownFileType = sourcecode.swift; path = image.swift; sourceTree = "<group>"; };
		6B3705092322FA4F00ED2D41 /* NetworkHelper.swift */ = {isa = PBXFileReference; lastKnownFileType = sourcecode.swift; path = NetworkHelper.swift; sourceTree = "<group>"; };
/* End PBXFileReference section */

/* Begin PBXFrameworksBuildPhase section */
		6B3704DA2322F4DF00ED2D41 /* Frameworks */ = {
			isa = PBXFrameworksBuildPhase;
			buildActionMask = 2147483647;
			files = (
			);
			runOnlyForDeploymentPostprocessing = 0;
		};
		6B3704EE2322F4E000ED2D41 /* Frameworks */ = {
			isa = PBXFrameworksBuildPhase;
			buildActionMask = 2147483647;
			files = (
			);
			runOnlyForDeploymentPostprocessing = 0;
		};
/* End PBXFrameworksBuildPhase section */

/* Begin PBXGroup section */
		6B3704D42322F4DF00ED2D41 = {
			isa = PBXGroup;
			children = (
				6B3704DF2322F4DF00ED2D41 /* images & Erros Lab */,
				6B3704F42322F4E000ED2D41 /* images & Erros LabTests */,
				6B3704DE2322F4DF00ED2D41 /* Products */,
			);
			sourceTree = "<group>";
		};
		6B3704DE2322F4DF00ED2D41 /* Products */ = {
			isa = PBXGroup;
			children = (
				6B3704DD2322F4DF00ED2D41 /* images & Erros Lab.app */,
				6B3704F12322F4E000ED2D41 /* images & Erros LabTests.xctest */,
			);
			name = Products;
			sourceTree = "<group>";
		};
		6B3704DF2322F4DF00ED2D41 /* images & Erros Lab */ = {
			isa = PBXGroup;
			children = (
				6B3705002322F56B00ED2D41 /* StoryBoard */,
				6B3704E02322F4DF00ED2D41 /* AppDelegate.swift */,
				6B3705012322F57D00ED2D41 /* View Controllers */,
				6B3704E72322F4E000ED2D41 /* Assets.xcassets */,
				6B3704E92322F4E000ED2D41 /* LaunchScreen.storyboard */,
				6B3704EC2322F4E000ED2D41 /* Info.plist */,
			);
			path = "images & Erros Lab";
			sourceTree = "<group>";
		};
		6B3704F42322F4E000ED2D41 /* images & Erros LabTests */ = {
			isa = PBXGroup;
			children = (
				6B3704F52322F4E000ED2D41 /* images___Erros_LabTests.swift */,
				6B3704F72322F4E000ED2D41 /* Info.plist */,
			);
			path = "images & Erros LabTests";
			sourceTree = "<group>";
		};
		6B3705002322F56B00ED2D41 /* StoryBoard */ = {
			isa = PBXGroup;
			children = (
				6B3704E42322F4DF00ED2D41 /* Main.storyboard */,
				6B3705032322F96C00ED2D41 /* comic.swift */,
				6B3705052322F9B400ED2D41 /* Errors.swift */,
				6B3705072322F9E300ED2D41 /* image.swift */,
				6B3705092322FA4F00ED2D41 /* NetworkHelper.swift */,
			);
			path = StoryBoard;
			sourceTree = "<group>";
		};
		6B3705012322F57D00ED2D41 /* View Controllers */ = {
			isa = PBXGroup;
			children = (
				6B3704E22322F4DF00ED2D41 /* ViewController.swift */,
				6B3705022322F59000ED2D41 /* Detailed View Controllers */,
			);
			path = "View Controllers";
			sourceTree = "<group>";
		};
		6B3705022322F59000ED2D41 /* Detailed View Controllers */ = {
			isa = PBXGroup;
			children = (
			);
			path = "Detailed View Controllers";
			sourceTree = "<group>";
		};
/* End PBXGroup section */

/* Begin PBXNativeTarget section */
		6B3704DC2322F4DF00ED2D41 /* images & Erros Lab */ = {
			isa = PBXNativeTarget;
			buildConfigurationList = 6B3704FA2322F4E000ED2D41 /* Build configuration list for PBXNativeTarget "images & Erros Lab" */;
			buildPhases = (
				6B3704D92322F4DF00ED2D41 /* Sources */,
				6B3704DA2322F4DF00ED2D41 /* Frameworks */,
				6B3704DB2322F4DF00ED2D41 /* Resources */,
			);
			buildRules = (
			);
			dependencies = (
			);
			name = "images & Erros Lab";
			productName = "images & Erros Lab";
			productReference = 6B3704DD2322F4DF00ED2D41 /* images & Erros Lab.app */;
			productType = "com.apple.product-type.application";
		};
		6B3704F02322F4E000ED2D41 /* images & Erros LabTests */ = {
			isa = PBXNativeTarget;
			buildConfigurationList = 6B3704FD2322F4E000ED2D41 /* Build configuration list for PBXNativeTarget "images & Erros LabTests" */;
			buildPhases = (
				6B3704ED2322F4E000ED2D41 /* Sources */,
				6B3704EE2322F4E000ED2D41 /* Frameworks */,
				6B3704EF2322F4E000ED2D41 /* Resources */,
			);
			buildRules = (
			);
			dependencies = (
				6B3704F32322F4E000ED2D41 /* PBXTargetDependency */,
			);
			name = "images & Erros LabTests";
			productName = "images & Erros LabTests";
			productReference = 6B3704F12322F4E000ED2D41 /* images & Erros LabTests.xctest */;
			productType = "com.apple.product-type.bundle.unit-test";
		};
/* End PBXNativeTarget section */

/* Begin PBXProject section */
		6B3704D52322F4DF00ED2D41 /* Project object */ = {
			isa = PBXProject;
			attributes = {
				LastSwiftUpdateCheck = 1020;
				LastUpgradeCheck = 1020;
				ORGANIZATIONNAME = "Kary Martinez";
				TargetAttributes = {
					6B3704DC2322F4DF00ED2D41 = {
						CreatedOnToolsVersion = 10.2.1;
					};
					6B3704F02322F4E000ED2D41 = {
						CreatedOnToolsVersion = 10.2.1;
						TestTargetID = 6B3704DC2322F4DF00ED2D41;
					};
				};
			};
			buildConfigurationList = 6B3704D82322F4DF00ED2D41 /* Build configuration list for PBXProject "images & Erros Lab" */;
			compatibilityVersion = "Xcode 9.3";
			developmentRegion = en;
			hasScannedForEncodings = 0;
			knownRegions = (
				en,
				Base,
			);
			mainGroup = 6B3704D42322F4DF00ED2D41;
			productRefGroup = 6B3704DE2322F4DF00ED2D41 /* Products */;
			projectDirPath = "";
			projectRoot = "";
			targets = (
				6B3704DC2322F4DF00ED2D41 /* images & Erros Lab */,
				6B3704F02322F4E000ED2D41 /* images & Erros LabTests */,
			);
		};
/* End PBXProject section */

/* Begin PBXResourcesBuildPhase section */
		6B3704DB2322F4DF00ED2D41 /* Resources */ = {
			isa = PBXResourcesBuildPhase;
			buildActionMask = 2147483647;
			files = (
				6B3704EB2322F4E000ED2D41 /* LaunchScreen.storyboard in Resources */,
				6B3704E82322F4E000ED2D41 /* Assets.xcassets in Resources */,
				6B3704E62322F4DF00ED2D41 /* Main.storyboard in Resources */,
			);
			runOnlyForDeploymentPostprocessing = 0;
		};
		6B3704EF2322F4E000ED2D41 /* Resources */ = {
			isa = PBXResourcesBuildPhase;
			buildActionMask = 2147483647;
			files = (
			);
			runOnlyForDeploymentPostprocessing = 0;
		};
/* End PBXResourcesBuildPhase section */

/* Begin PBXSourcesBuildPhase section */
		6B3704D92322F4DF00ED2D41 /* Sources */ = {
			isa = PBXSourcesBuildPhase;
			buildActionMask = 2147483647;
			files = (
				6B3705062322F9B400ED2D41 /* Errors.swift in Sources */,
				6B3704E32322F4DF00ED2D41 /* ViewController.swift in Sources */,
				6B3705042322F96C00ED2D41 /* comic.swift in Sources */,
				6B3704E12322F4DF00ED2D41 /* AppDelegate.swift in Sources */,
				6B37050A2322FA4F00ED2D41 /* NetworkHelper.swift in Sources */,
				6B3705082322F9E300ED2D41 /* image.swift in Sources */,
			);
			runOnlyForDeploymentPostprocessing = 0;
		};
		6B3704ED2322F4E000ED2D41 /* Sources */ = {
			isa = PBXSourcesBuildPhase;
			buildActionMask = 2147483647;
			files = (
				6B3704F62322F4E000ED2D41 /* images___Erros_LabTests.swift in Sources */,
			);
			runOnlyForDeploymentPostprocessing = 0;
		};
/* End PBXSourcesBuildPhase section */

/* Begin PBXTargetDependency section */
		6B3704F32322F4E000ED2D41 /* PBXTargetDependency */ = {
			isa = PBXTargetDependency;
			target = 6B3704DC2322F4DF00ED2D41 /* images & Erros Lab */;
			targetProxy = 6B3704F22322F4E000ED2D41 /* PBXContainerItemProxy */;
		};
/* End PBXTargetDependency section */

/* Begin PBXVariantGroup section */
		6B3704E42322F4DF00ED2D41 /* Main.storyboard */ = {
			isa = PBXVariantGroup;
			children = (
				6B3704E52322F4DF00ED2D41 /* Base */,
			);
			name = Main.storyboard;
			sourceTree = "<group>";
		};
		6B3704E92322F4E000ED2D41 /* LaunchScreen.storyboard */ = {
			isa = PBXVariantGroup;
			children = (
				6B3704EA2322F4E000ED2D41 /* Base */,
			);
			name = LaunchScreen.storyboard;
			sourceTree = "<group>";
		};
/* End PBXVariantGroup section */

/* Begin XCBuildConfiguration section */
		6B3704F82322F4E000ED2D41 /* Debug */ = {
			isa = XCBuildConfiguration;
			buildSettings = {
				ALWAYS_SEARCH_USER_PATHS = NO;
				CLANG_ANALYZER_NONNULL = YES;
				CLANG_ANALYZER_NUMBER_OBJECT_CONVERSION = YES_AGGRESSIVE;
				CLANG_CXX_LANGUAGE_STANDARD = "gnu++14";
				CLANG_CXX_LIBRARY = "libc++";
				CLANG_ENABLE_MODULES = YES;
				CLANG_ENABLE_OBJC_ARC = YES;
				CLANG_ENABLE_OBJC_WEAK = YES;
				CLANG_WARN_BLOCK_CAPTURE_AUTORELEASING = YES;
				CLANG_WARN_BOOL_CONVERSION = YES;
				CLANG_WARN_COMMA = YES;
				CLANG_WARN_CONSTANT_CONVERSION = YES;
				CLANG_WARN_DEPRECATED_OBJC_IMPLEMENTATIONS = YES;
				CLANG_WARN_DIRECT_OBJC_ISA_USAGE = YES_ERROR;
				CLANG_WARN_DOCUMENTATION_COMMENTS = YES;
				CLANG_WARN_EMPTY_BODY = YES;
				CLANG_WARN_ENUM_CONVERSION = YES;
				CLANG_WARN_INFINITE_RECURSION = YES;
				CLANG_WARN_INT_CONVERSION = YES;
				CLANG_WARN_NON_LITERAL_NULL_CONVERSION = YES;
				CLANG_WARN_OBJC_IMPLICIT_RETAIN_SELF = YES;
				CLANG_WARN_OBJC_LITERAL_CONVERSION = YES;
				CLANG_WARN_OBJC_ROOT_CLASS = YES_ERROR;
				CLANG_WARN_RANGE_LOOP_ANALYSIS = YES;
				CLANG_WARN_STRICT_PROTOTYPES = YES;
				CLANG_WARN_SUSPICIOUS_MOVE = YES;
				CLANG_WARN_UNGUARDED_AVAILABILITY = YES_AGGRESSIVE;
				CLANG_WARN_UNREACHABLE_CODE = YES;
				CLANG_WARN__DUPLICATE_METHOD_MATCH = YES;
				CODE_SIGN_IDENTITY = "iPhone Developer";
				COPY_PHASE_STRIP = NO;
				DEBUG_INFORMATION_FORMAT = dwarf;
				ENABLE_STRICT_OBJC_MSGSEND = YES;
				ENABLE_TESTABILITY = YES;
				GCC_C_LANGUAGE_STANDARD = gnu11;
				GCC_DYNAMIC_NO_PIC = NO;
				GCC_NO_COMMON_BLOCKS = YES;
				GCC_OPTIMIZATION_LEVEL = 0;
				GCC_PREPROCESSOR_DEFINITIONS = (
					"DEBUG=1",
					"$(inherited)",
				);
				GCC_WARN_64_TO_32_BIT_CONVERSION = YES;
				GCC_WARN_ABOUT_RETURN_TYPE = YES_ERROR;
				GCC_WARN_UNDECLARED_SELECTOR = YES;
				GCC_WARN_UNINITIALIZED_AUTOS = YES_AGGRESSIVE;
				GCC_WARN_UNUSED_FUNCTION = YES;
				GCC_WARN_UNUSED_VARIABLE = YES;
				IPHONEOS_DEPLOYMENT_TARGET = 12.2;
				MTL_ENABLE_DEBUG_INFO = INCLUDE_SOURCE;
				MTL_FAST_MATH = YES;
				ONLY_ACTIVE_ARCH = YES;
				SDKROOT = iphoneos;
				SWIFT_ACTIVE_COMPILATION_CONDITIONS = DEBUG;
				SWIFT_OPTIMIZATION_LEVEL = "-Onone";
			};
			name = Debug;
		};
		6B3704F92322F4E000ED2D41 /* Release */ = {
			isa = XCBuildConfiguration;
			buildSettings = {
				ALWAYS_SEARCH_USER_PATHS = NO;
				CLANG_ANALYZER_NONNULL = YES;
				CLANG_ANALYZER_NUMBER_OBJECT_CONVERSION = YES_AGGRESSIVE;
				CLANG_CXX_LANGUAGE_STANDARD = "gnu++14";
				CLANG_CXX_LIBRARY = "libc++";
				CLANG_ENABLE_MODULES = YES;
				CLANG_ENABLE_OBJC_ARC = YES;
				CLANG_ENABLE_OBJC_WEAK = YES;
				CLANG_WARN_BLOCK_CAPTURE_AUTORELEASING = YES;
				CLANG_WARN_BOOL_CONVERSION = YES;
				CLANG_WARN_COMMA = YES;
				CLANG_WARN_CONSTANT_CONVERSION = YES;
				CLANG_WARN_DEPRECATED_OBJC_IMPLEMENTATIONS = YES;
				CLANG_WARN_DIRECT_OBJC_ISA_USAGE = YES_ERROR;
				CLANG_WARN_DOCUMENTATION_COMMENTS = YES;
				CLANG_WARN_EMPTY_BODY = YES;
				CLANG_WARN_ENUM_CONVERSION = YES;
				CLANG_WARN_INFINITE_RECURSION = YES;
				CLANG_WARN_INT_CONVERSION = YES;
				CLANG_WARN_NON_LITERAL_NULL_CONVERSION = YES;
				CLANG_WARN_OBJC_IMPLICIT_RETAIN_SELF = YES;
				CLANG_WARN_OBJC_LITERAL_CONVERSION = YES;
				CLANG_WARN_OBJC_ROOT_CLASS = YES_ERROR;
				CLANG_WARN_RANGE_LOOP_ANALYSIS = YES;
				CLANG_WARN_STRICT_PROTOTYPES = YES;
				CLANG_WARN_SUSPICIOUS_MOVE = YES;
				CLANG_WARN_UNGUARDED_AVAILABILITY = YES_AGGRESSIVE;
				CLANG_WARN_UNREACHABLE_CODE = YES;
				CLANG_WARN__DUPLICATE_METHOD_MATCH = YES;
				CODE_SIGN_IDENTITY = "iPhone Developer";
				COPY_PHASE_STRIP = NO;
				DEBUG_INFORMATION_FORMAT = "dwarf-with-dsym";
				ENABLE_NS_ASSERTIONS = NO;
				ENABLE_STRICT_OBJC_MSGSEND = YES;
				GCC_C_LANGUAGE_STANDARD = gnu11;
				GCC_NO_COMMON_BLOCKS = YES;
				GCC_WARN_64_TO_32_BIT_CONVERSION = YES;
				GCC_WARN_ABOUT_RETURN_TYPE = YES_ERROR;
				GCC_WARN_UNDECLARED_SELECTOR = YES;
				GCC_WARN_UNINITIALIZED_AUTOS = YES_AGGRESSIVE;
				GCC_WARN_UNUSED_FUNCTION = YES;
				GCC_WARN_UNUSED_VARIABLE = YES;
				IPHONEOS_DEPLOYMENT_TARGET = 12.2;
				MTL_ENABLE_DEBUG_INFO = NO;
				MTL_FAST_MATH = YES;
				SDKROOT = iphoneos;
				SWIFT_COMPILATION_MODE = wholemodule;
				SWIFT_OPTIMIZATION_LEVEL = "-O";
				VALIDATE_PRODUCT = YES;
			};
			name = Release;
		};
		6B3704FB2322F4E000ED2D41 /* Debug */ = {
			isa = XCBuildConfiguration;
			buildSettings = {
				ASSETCATALOG_COMPILER_APPICON_NAME = AppIcon;
				CODE_SIGN_STYLE = Automatic;
				INFOPLIST_FILE = "images & Erros Lab/Info.plist";
				LD_RUNPATH_SEARCH_PATHS = (
					"$(inherited)",
					"@executable_path/Frameworks",
				);
				PRODUCT_BUNDLE_IDENTIFIER = "project.images---Erros-Lab";
				PRODUCT_NAME = "$(TARGET_NAME)";
				SWIFT_VERSION = 5.0;
				TARGETED_DEVICE_FAMILY = "1,2";
			};
			name = Debug;
		};
		6B3704FC2322F4E000ED2D41 /* Release */ = {
			isa = XCBuildConfiguration;
			buildSettings = {
				ASSETCATALOG_COMPILER_APPICON_NAME = AppIcon;
				CODE_SIGN_STYLE = Automatic;
				INFOPLIST_FILE = "images & Erros Lab/Info.plist";
				LD_RUNPATH_SEARCH_PATHS = (
					"$(inherited)",
					"@executable_path/Frameworks",
				);
				PRODUCT_BUNDLE_IDENTIFIER = "project.images---Erros-Lab";
				PRODUCT_NAME = "$(TARGET_NAME)";
				SWIFT_VERSION = 5.0;
				TARGETED_DEVICE_FAMILY = "1,2";
			};
			name = Release;
		};
		6B3704FE2322F4E000ED2D41 /* Debug */ = {
			isa = XCBuildConfiguration;
			buildSettings = {
				ALWAYS_EMBED_SWIFT_STANDARD_LIBRARIES = YES;
				BUNDLE_LOADER = "$(TEST_HOST)";
				CODE_SIGN_STYLE = Automatic;
				INFOPLIST_FILE = "images & Erros LabTests/Info.plist";
				LD_RUNPATH_SEARCH_PATHS = (
					"$(inherited)",
					"@executable_path/Frameworks",
					"@loader_path/Frameworks",
				);
				PRODUCT_BUNDLE_IDENTIFIER = "project.images---Erros-LabTests";
				PRODUCT_NAME = "$(TARGET_NAME)";
				SWIFT_VERSION = 5.0;
				TARGETED_DEVICE_FAMILY = "1,2";
				TEST_HOST = "$(BUILT_PRODUCTS_DIR)/images & Erros Lab.app/images & Erros Lab";
			};
			name = Debug;
		};
		6B3704FF2322F4E000ED2D41 /* Release */ = {
			isa = XCBuildConfiguration;
			buildSettings = {
				ALWAYS_EMBED_SWIFT_STANDARD_LIBRARIES = YES;
				BUNDLE_LOADER = "$(TEST_HOST)";
				CODE_SIGN_STYLE = Automatic;
				INFOPLIST_FILE = "images & Erros LabTests/Info.plist";
				LD_RUNPATH_SEARCH_PATHS = (
					"$(inherited)",
					"@executable_path/Frameworks",
					"@loader_path/Frameworks",
				);
				PRODUCT_BUNDLE_IDENTIFIER = "project.images---Erros-LabTests";
				PRODUCT_NAME = "$(TARGET_NAME)";
				SWIFT_VERSION = 5.0;
				TARGETED_DEVICE_FAMILY = "1,2";
				TEST_HOST = "$(BUILT_PRODUCTS_DIR)/images & Erros Lab.app/images & Erros Lab";
			};
			name = Release;
		};
/* End XCBuildConfiguration section */

/* Begin XCConfigurationList section */
		6B3704D82322F4DF00ED2D41 /* Build configuration list for PBXProject "images & Erros Lab" */ = {
			isa = XCConfigurationList;
			buildConfigurations = (
				6B3704F82322F4E000ED2D41 /* Debug */,
				6B3704F92322F4E000ED2D41 /* Release */,
			);
			defaultConfigurationIsVisible = 0;
			defaultConfigurationName = Release;
		};
		6B3704FA2322F4E000ED2D41 /* Build configuration list for PBXNativeTarget "images & Erros Lab" */ = {
			isa = XCConfigurationList;
			buildConfigurations = (
				6B3704FB2322F4E000ED2D41 /* Debug */,
				6B3704FC2322F4E000ED2D41 /* Release */,
			);
			defaultConfigurationIsVisible = 0;
			defaultConfigurationName = Release;
		};
		6B3704FD2322F4E000ED2D41 /* Build configuration list for PBXNativeTarget "images & Erros LabTests" */ = {
			isa = XCConfigurationList;
			buildConfigurations = (
				6B3704FE2322F4E000ED2D41 /* Debug */,
				6B3704FF2322F4E000ED2D41 /* Release */,
			);
			defaultConfigurationIsVisible = 0;
			defaultConfigurationName = Release;
		};
/* End XCConfigurationList section */
	};
	rootObject = 6B3704D52322F4DF00ED2D41 /* Project object */;
}
